// !$*UTF8*$!
{
	archiveVersion = 1;
	classes = {
	};
	objectVersion = 56;
	objects = {

/* Begin PBXBuildFile section */
		F64BCE86292D3FDB003FD9AD /* AppDelegate.swift in Sources */ = {isa = PBXBuildFile; fileRef = F64BCE85292D3FDB003FD9AD /* AppDelegate.swift */; };
		F64BCE88292D3FDB003FD9AD /* SceneDelegate.swift in Sources */ = {isa = PBXBuildFile; fileRef = F64BCE87292D3FDB003FD9AD /* SceneDelegate.swift */; };
		F64BCE8A292D3FDB003FD9AD /* HomeViewController.swift in Sources */ = {isa = PBXBuildFile; fileRef = F64BCE89292D3FDB003FD9AD /* HomeViewController.swift */; };
		F64BCE8D292D3FDB003FD9AD /* Main.storyboard in Resources */ = {isa = PBXBuildFile; fileRef = F64BCE8B292D3FDB003FD9AD /* Main.storyboard */; };
		F64BCE8F292D3FDC003FD9AD /* Assets.xcassets in Resources */ = {isa = PBXBuildFile; fileRef = F64BCE8E292D3FDC003FD9AD /* Assets.xcassets */; };
		F64BCE92292D3FDC003FD9AD /* LaunchScreen.storyboard in Resources */ = {isa = PBXBuildFile; fileRef = F64BCE90292D3FDC003FD9AD /* LaunchScreen.storyboard */; };
		F64BCE9D292D40A4003FD9AD /* Holidays.swift in Sources */ = {isa = PBXBuildFile; fileRef = F64BCE9C292D40A4003FD9AD /* Holidays.swift */; };
		F64BCEA3292D5232003FD9AD /* DataSourceExtension.swift in Sources */ = {isa = PBXBuildFile; fileRef = F64BCEA2292D5232003FD9AD /* DataSourceExtension.swift */; };
		F64BCEA7292D551A003FD9AD /* CustomCell.swift in Sources */ = {isa = PBXBuildFile; fileRef = F64BCEA6292D551A003FD9AD /* CustomCell.swift */; };
/* End PBXBuildFile section */

/* Begin PBXFileReference section */
		F64BCE82292D3FDB003FD9AD /* Holidays.app */ = {isa = PBXFileReference; explicitFileType = wrapper.application; includeInIndex = 0; path = Holidays.app; sourceTree = BUILT_PRODUCTS_DIR; };
		F64BCE85292D3FDB003FD9AD /* AppDelegate.swift */ = {isa = PBXFileReference; lastKnownFileType = sourcecode.swift; path = AppDelegate.swift; sourceTree = "<group>"; };
		F64BCE87292D3FDB003FD9AD /* SceneDelegate.swift */ = {isa = PBXFileReference; lastKnownFileType = sourcecode.swift; path = SceneDelegate.swift; sourceTree = "<group>"; };
		F64BCE89292D3FDB003FD9AD /* HomeViewController.swift */ = {isa = PBXFileReference; lastKnownFileType = sourcecode.swift; path = HomeViewController.swift; sourceTree = "<group>"; };
		F64BCE8C292D3FDB003FD9AD /* Base */ = {isa = PBXFileReference; lastKnownFileType = file.storyboard; name = Base; path = Base.lproj/Main.storyboard; sourceTree = "<group>"; };
		F64BCE8E292D3FDC003FD9AD /* Assets.xcassets */ = {isa = PBXFileReference; lastKnownFileType = folder.assetcatalog; path = Assets.xcassets; sourceTree = "<group>"; };
		F64BCE91292D3FDC003FD9AD /* Base */ = {isa = PBXFileReference; lastKnownFileType = file.storyboard; name = Base; path = Base.lproj/LaunchScreen.storyboard; sourceTree = "<group>"; };
		F64BCE93292D3FDC003FD9AD /* Info.plist */ = {isa = PBXFileReference; lastKnownFileType = text.plist.xml; path = Info.plist; sourceTree = "<group>"; };
		F64BCE9C292D40A4003FD9AD /* Holidays.swift */ = {isa = PBXFileReference; lastKnownFileType = sourcecode.swift; path = Holidays.swift; sourceTree = "<group>"; };
		F64BCEA2292D5232003FD9AD /* DataSourceExtension.swift */ = {isa = PBXFileReference; lastKnownFileType = sourcecode.swift; path = DataSourceExtension.swift; sourceTree = "<group>"; };
		F64BCEA6292D551A003FD9AD /* CustomCell.swift */ = {isa = PBXFileReference; lastKnownFileType = sourcecode.swift; path = CustomCell.swift; sourceTree = "<group>"; };
/* End PBXFileReference section */

/* Begin PBXFrameworksBuildPhase section */
		F64BCE7F292D3FDB003FD9AD /* Frameworks */ = {
			isa = PBXFrameworksBuildPhase;
			buildActionMask = 2147483647;
			files = (
			);
			runOnlyForDeploymentPostprocessing = 0;
		};
/* End PBXFrameworksBuildPhase section */

/* Begin PBXGroup section */
		F64BCE79292D3FDB003FD9AD = {
			isa = PBXGroup;
			children = (
				F64BCE84292D3FDB003FD9AD /* Holidays */,
				F64BCE83292D3FDB003FD9AD /* Products */,
			);
			sourceTree = "<group>";
		};
		F64BCE83292D3FDB003FD9AD /* Products */ = {
			isa = PBXGroup;
			children = (
				F64BCE82292D3FDB003FD9AD /* Holidays.app */,
			);
			name = Products;
			sourceTree = "<group>";
		};
		F64BCE84292D3FDB003FD9AD /* Holidays */ = {
			isa = PBXGroup;
			children = (
				F64BCE9B292D408A003FD9AD /* Models */,
				F64BCE9A292D4081003FD9AD /* Views */,
				F64BCE99292D4078003FD9AD /* Controllers */,
				F64BCE85292D3FDB003FD9AD /* AppDelegate.swift */,
				F64BCE87292D3FDB003FD9AD /* SceneDelegate.swift */,
				F64BCE8E292D3FDC003FD9AD /* Assets.xcassets */,
				F64BCE90292D3FDC003FD9AD /* LaunchScreen.storyboard */,
				F64BCE93292D3FDC003FD9AD /* Info.plist */,
			);
			path = Holidays;
			sourceTree = "<group>";
		};
		F64BCE99292D4078003FD9AD /* Controllers */ = {
			isa = PBXGroup;
			children = (
				F64BCE89292D3FDB003FD9AD /* HomeViewController.swift */,
				F64BCEA2292D5232003FD9AD /* DataSourceExtension.swift */,
			);
			path = Controllers;
			sourceTree = "<group>";
		};
		F64BCE9A292D4081003FD9AD /* Views */ = {
			isa = PBXGroup;
			children = (
				F64BCE8B292D3FDB003FD9AD /* Main.storyboard */,
				F64BCEA6292D551A003FD9AD /* CustomCell.swift */,
			);
			path = Views;
			sourceTree = "<group>";
		};
		F64BCE9B292D408A003FD9AD /* Models */ = {
			isa = PBXGroup;
			children = (
				F64BCE9C292D40A4003FD9AD /* Holidays.swift */,
			);
			path = Models;
			sourceTree = "<group>";
		};
/* End PBXGroup section */

/* Begin PBXNativeTarget section */
		F64BCE81292D3FDB003FD9AD /* Holidays */ = {
			isa = PBXNativeTarget;
			buildConfigurationList = F64BCE96292D3FDC003FD9AD /* Build configuration list for PBXNativeTarget "Holidays" */;
			buildPhases = (
				F64BCE7E292D3FDB003FD9AD /* Sources */,
				F64BCE7F292D3FDB003FD9AD /* Frameworks */,
				F64BCE80292D3FDB003FD9AD /* Resources */,
			);
			buildRules = (
			);
			dependencies = (
			);
			name = Holidays;
			productName = Holidays;
			productReference = F64BCE82292D3FDB003FD9AD /* Holidays.app */;
			productType = "com.apple.product-type.application";
		};
/* End PBXNativeTarget section */

/* Begin PBXProject section */
		F64BCE7A292D3FDB003FD9AD /* Project object */ = {
			isa = PBXProject;
			attributes = {
				BuildIndependentTargetsInParallel = 1;
				LastSwiftUpdateCheck = 1400;
				LastUpgradeCheck = 1400;
				TargetAttributes = {
					F64BCE81292D3FDB003FD9AD = {
						CreatedOnToolsVersion = 14.0.1;
					};
				};
			};
			buildConfigurationList = F64BCE7D292D3FDB003FD9AD /* Build configuration list for PBXProject "Holidays" */;
			compatibilityVersion = "Xcode 14.0";
			developmentRegion = en;
			hasScannedForEncodings = 0;
			knownRegions = (
				en,
				Base,
			);
			mainGroup = F64BCE79292D3FDB003FD9AD;
			productRefGroup = F64BCE83292D3FDB003FD9AD /* Products */;
			projectDirPath = "";
			projectRoot = "";
			targets = (
				F64BCE81292D3FDB003FD9AD /* Holidays */,
			);
		};
/* End PBXProject section */

/* Begin PBXResourcesBuildPhase section */
		F64BCE80292D3FDB003FD9AD /* Resources */ = {
			isa = PBXResourcesBuildPhase;
			buildActionMask = 2147483647;
			files = (
				F64BCE92292D3FDC003FD9AD /* LaunchScreen.storyboard in Resources */,
				F64BCE8F292D3FDC003FD9AD /* Assets.xcassets in Resources */,
				F64BCE8D292D3FDB003FD9AD /* Main.storyboard in Resources */,
			);
			runOnlyForDeploymentPostprocessing = 0;
		};
/* End PBXResourcesBuildPhase section */

/* Begin PBXSourcesBuildPhase section */
		F64BCE7E292D3FDB003FD9AD /* Sources */ = {
			isa = PBXSourcesBuildPhase;
			buildActionMask = 2147483647;
			files = (
				F64BCE8A292D3FDB003FD9AD /* HomeViewController.swift in Sources */,
				F64BCE86292D3FDB003FD9AD /* AppDelegate.swift in Sources */,
				F64BCEA3292D5232003FD9AD /* DataSourceExtension.swift in Sources */,
				F64BCE9D292D40A4003FD9AD /* Holidays.swift in Sources */,
				F64BCEA7292D551A003FD9AD /* CustomCell.swift in Sources */,
				F64BCE88292D3FDB003FD9AD /* SceneDelegate.swift in Sources */,
			);
			runOnlyForDeploymentPostprocessing = 0;
		};
/* End PBXSourcesBuildPhase section */

/* Begin PBXVariantGroup section */
		F64BCE8B292D3FDB003FD9AD /* Main.storyboard */ = {
			isa = PBXVariantGroup;
			children = (
				F64BCE8C292D3FDB003FD9AD /* Base */,
			);
			name = Main.storyboard;
			sourceTree = "<group>";
		};
		F64BCE90292D3FDC003FD9AD /* LaunchScreen.storyboard */ = {
			isa = PBXVariantGroup;
			children = (
				F64BCE91292D3FDC003FD9AD /* Base */,
			);
			name = LaunchScreen.storyboard;
			sourceTree = "<group>";
		};
/* End PBXVariantGroup section */

/* Begin XCBuildConfiguration section */
		F64BCE94292D3FDC003FD9AD /* Debug */ = {
			isa = XCBuildConfiguration;
			buildSettings = {
				ALWAYS_SEARCH_USER_PATHS = NO;
				CLANG_ANALYZER_NONNULL = YES;
				CLANG_ANALYZER_NUMBER_OBJECT_CONVERSION = YES_AGGRESSIVE;
				CLANG_CXX_LANGUAGE_STANDARD = "gnu++20";
				CLANG_ENABLE_MODULES = YES;
				CLANG_ENABLE_OBJC_ARC = YES;
				CLANG_ENABLE_OBJC_WEAK = YES;
				CLANG_WARN_BLOCK_CAPTURE_AUTORELEASING = YES;
				CLANG_WARN_BOOL_CONVERSION = YES;
				CLANG_WARN_COMMA = YES;
				CLANG_WARN_CONSTANT_CONVERSION = YES;
				CLANG_WARN_DEPRECATED_OBJC_IMPLEMENTATIONS = YES;
				CLANG_WARN_DIRECT_OBJC_ISA_USAGE = YES_ERROR;
				CLANG_WARN_DOCUMENTATION_COMMENTS = YES;
				CLANG_WARN_EMPTY_BODY = YES;
				CLANG_WARN_ENUM_CONVERSION = YES;
				CLANG_WARN_INFINITE_RECURSION = YES;
				CLANG_WARN_INT_CONVERSION = YES;
				CLANG_WARN_NON_LITERAL_NULL_CONVERSION = YES;
				CLANG_WARN_OBJC_IMPLICIT_RETAIN_SELF = YES;
				CLANG_WARN_OBJC_LITERAL_CONVERSION = YES;
				CLANG_WARN_OBJC_ROOT_CLASS = YES_ERROR;
				CLANG_WARN_QUOTED_INCLUDE_IN_FRAMEWORK_HEADER = YES;
				CLANG_WARN_RANGE_LOOP_ANALYSIS = YES;
				CLANG_WARN_STRICT_PROTOTYPES = YES;
				CLANG_WARN_SUSPICIOUS_MOVE = YES;
				CLANG_WARN_UNGUARDED_AVAILABILITY = YES_AGGRESSIVE;
				CLANG_WARN_UNREACHABLE_CODE = YES;
				CLANG_WARN__DUPLICATE_METHOD_MATCH = YES;
				COPY_PHASE_STRIP = NO;
				DEBUG_INFORMATION_FORMAT = dwarf;
				ENABLE_STRICT_OBJC_MSGSEND = YES;
				ENABLE_TESTABILITY = YES;
				GCC_C_LANGUAGE_STANDARD = gnu11;
				GCC_DYNAMIC_NO_PIC = NO;
				GCC_NO_COMMON_BLOCKS = YES;
				GCC_OPTIMIZATION_LEVEL = 0;
				GCC_PREPROCESSOR_DEFINITIONS = (
					"DEBUG=1",
					"$(inherited)",
				);
				GCC_WARN_64_TO_32_BIT_CONVERSION = YES;
				GCC_WARN_ABOUT_RETURN_TYPE = YES_ERROR;
				GCC_WARN_UNDECLARED_SELECTOR = YES;
				GCC_WARN_UNINITIALIZED_AUTOS = YES_AGGRESSIVE;
				GCC_WARN_UNUSED_FUNCTION = YES;
				GCC_WARN_UNUSED_VARIABLE = YES;
				IPHONEOS_DEPLOYMENT_TARGET = 16.0;
				MTL_ENABLE_DEBUG_INFO = INCLUDE_SOURCE;
				MTL_FAST_MATH = YES;
				ONLY_ACTIVE_ARCH = YES;
				SDKROOT = iphoneos;
				SWIFT_ACTIVE_COMPILATION_CONDITIONS = DEBUG;
				SWIFT_OPTIMIZATION_LEVEL = "-Onone";
			};
			name = Debug;
		};
		F64BCE95292D3FDC003FD9AD /* Release */ = {
			isa = XCBuildConfiguration;
			buildSettings = {
				ALWAYS_SEARCH_USER_PATHS = NO;
				CLANG_ANALYZER_NONNULL = YES;
				CLANG_ANALYZER_NUMBER_OBJECT_CONVERSION = YES_AGGRESSIVE;
				CLANG_CXX_LANGUAGE_STANDARD = "gnu++20";
				CLANG_ENABLE_MODULES = YES;
				CLANG_ENABLE_OBJC_ARC = YES;
				CLANG_ENABLE_OBJC_WEAK = YES;
				CLANG_WARN_BLOCK_CAPTURE_AUTORELEASING = YES;
				CLANG_WARN_BOOL_CONVERSION = YES;
				CLANG_WARN_COMMA = YES;
				CLANG_WARN_CONSTANT_CONVERSION = YES;
				CLANG_WARN_DEPRECATED_OBJC_IMPLEMENTATIONS = YES;
				CLANG_WARN_DIRECT_OBJC_ISA_USAGE = YES_ERROR;
				CLANG_WARN_DOCUMENTATION_COMMENTS = YES;
				CLANG_WARN_EMPTY_BODY = YES;
				CLANG_WARN_ENUM_CONVERSION = YES;
				CLANG_WARN_INFINITE_RECURSION = YES;
				CLANG_WARN_INT_CONVERSION = YES;
				CLANG_WARN_NON_LITERAL_NULL_CONVERSION = YES;
				CLANG_WARN_OBJC_IMPLICIT_RETAIN_SELF = YES;
				CLANG_WARN_OBJC_LITERAL_CONVERSION = YES;
				CLANG_WARN_OBJC_ROOT_CLASS = YES_ERROR;
				CLANG_WARN_QUOTED_INCLUDE_IN_FRAMEWORK_HEADER = YES;
				CLANG_WARN_RANGE_LOOP_ANALYSIS = YES;
				CLANG_WARN_STRICT_PROTOTYPES = YES;
				CLANG_WARN_SUSPICIOUS_MOVE = YES;
				CLANG_WARN_UNGUARDED_AVAILABILITY = YES_AGGRESSIVE;
				CLANG_WARN_UNREACHABLE_CODE = YES;
				CLANG_WARN__DUPLICATE_METHOD_MATCH = YES;
				COPY_PHASE_STRIP = NO;
				DEBUG_INFORMATION_FORMAT = "dwarf-with-dsym";
				ENABLE_NS_ASSERTIONS = NO;
				ENABLE_STRICT_OBJC_MSGSEND = YES;
				GCC_C_LANGUAGE_STANDARD = gnu11;
				GCC_NO_COMMON_BLOCKS = YES;
				GCC_WARN_64_TO_32_BIT_CONVERSION = YES;
				GCC_WARN_ABOUT_RETURN_TYPE = YES_ERROR;
				GCC_WARN_UNDECLARED_SELECTOR = YES;
				GCC_WARN_UNINITIALIZED_AUTOS = YES_AGGRESSIVE;
				GCC_WARN_UNUSED_FUNCTION = YES;
				GCC_WARN_UNUSED_VARIABLE = YES;
				IPHONEOS_DEPLOYMENT_TARGET = 16.0;
				MTL_ENABLE_DEBUG_INFO = NO;
				MTL_FAST_MATH = YES;
				SDKROOT = iphoneos;
				SWIFT_COMPILATION_MODE = wholemodule;
				SWIFT_OPTIMIZATION_LEVEL = "-O";
				VALIDATE_PRODUCT = YES;
			};
			name = Release;
		};
		F64BCE97292D3FDC003FD9AD /* Debug */ = {
			isa = XCBuildConfiguration;
			buildSettings = {
				ASSETCATALOG_COMPILER_APPICON_NAME = AppIcon;
				ASSETCATALOG_COMPILER_GLOBAL_ACCENT_COLOR_NAME = AccentColor;
				CODE_SIGN_STYLE = Automatic;
				CURRENT_PROJECT_VERSION = 1;
				GENERATE_INFOPLIST_FILE = YES;
				INFOPLIST_FILE = Holidays/Info.plist;
				INFOPLIST_KEY_UIApplicationSupportsIndirectInputEvents = YES;
				INFOPLIST_KEY_UILaunchStoryboardName = LaunchScreen;
				INFOPLIST_KEY_UIMainStoryboardFile = Main;
				INFOPLIST_KEY_UISupportedInterfaceOrientations_iPad = "UIInterfaceOrientationPortrait UIInterfaceOrientationPortraitUpsideDown UIInterfaceOrientationLandscapeLeft UIInterfaceOrientationLandscapeRight";
				INFOPLIST_KEY_UISupportedInterfaceOrientations_iPhone = "UIInterfaceOrientationPortrait UIInterfaceOrientationLandscapeLeft UIInterfaceOrientationLandscapeRight";
				LD_RUNPATH_SEARCH_PATHS = (
					"$(inherited)",
					"@executable_path/Frameworks",
				);
				MARKETING_VERSION = 1.0;
				PRODUCT_BUNDLE_IDENTIFIER = com.rocket.programa.Holidays;
				PRODUCT_NAME = "$(TARGET_NAME)";
				SWIFT_EMIT_LOC_STRINGS = YES;
				SWIFT_VERSION = 5.0;
				TARGETED_DEVICE_FAMILY = "1,2";
			};
			name = Debug;
		};
		F64BCE98292D3FDC003FD9AD /* Release */ = {
			isa = XCBuildConfiguration;
			buildSettings = {
				ASSETCATALOG_COMPILER_APPICON_NAME = AppIcon;
				ASSETCATALOG_COMPILER_GLOBAL_ACCENT_COLOR_NAME = AccentColor;
				CODE_SIGN_STYLE = Automatic;
				CURRENT_PROJECT_VERSION = 1;
				GENERATE_INFOPLIST_FILE = YES;
				INFOPLIST_FILE = Holidays/Info.plist;
				INFOPLIST_KEY_UIApplicationSupportsIndirectInputEvents = YES;
				INFOPLIST_KEY_UILaunchStoryboardName = LaunchScreen;
				INFOPLIST_KEY_UIMainStoryboardFile = Main;
				INFOPLIST_KEY_UISupportedInterfaceOrientations_iPad = "UIInterfaceOrientationPortrait UIInterfaceOrientationPortraitUpsideDown UIInterfaceOrientationLandscapeLeft UIInterfaceOrientationLandscapeRight";
				INFOPLIST_KEY_UISupportedInterfaceOrientations_iPhone = "UIInterfaceOrientationPortrait UIInterfaceOrientationLandscapeLeft UIInterfaceOrientationLandscapeRight";
				LD_RUNPATH_SEARCH_PATHS = (
					"$(inherited)",
					"@executable_path/Frameworks",
				);
				MARKETING_VERSION = 1.0;
				PRODUCT_BUNDLE_IDENTIFIER = com.rocket.programa.Holidays;
				PRODUCT_NAME = "$(TARGET_NAME)";
				SWIFT_EMIT_LOC_STRINGS = YES;
				SWIFT_VERSION = 5.0;
				TARGETED_DEVICE_FAMILY = "1,2";
			};
			name = Release;
		};
/* End XCBuildConfiguration section */

/* Begin XCConfigurationList section */
		F64BCE7D292D3FDB003FD9AD /* Build configuration list for PBXProject "Holidays" */ = {
			isa = XCConfigurationList;
			buildConfigurations = (
				F64BCE94292D3FDC003FD9AD /* Debug */,
				F64BCE95292D3FDC003FD9AD /* Release */,
			);
			defaultConfigurationIsVisible = 0;
			defaultConfigurationName = Release;
		};
		F64BCE96292D3FDC003FD9AD /* Build configuration list for PBXNativeTarget "Holidays" */ = {
			isa = XCConfigurationList;
			buildConfigurations = (
				F64BCE97292D3FDC003FD9AD /* Debug */,
				F64BCE98292D3FDC003FD9AD /* Release */,
			);
			defaultConfigurationIsVisible = 0;
			defaultConfigurationName = Release;
		};
/* End XCConfigurationList section */
	};
	rootObject = F64BCE7A292D3FDB003FD9AD /* Project object */;
}
